{
  "name": "ipfs-snap",
  "version": "1.0.0",
  "lockfileVersion": 1,
  "requires": true,
  "dependencies": {
    "@ensdomains/address-encoder": {
      "version": "0.1.2",
      "resolved": "https://registry.npmjs.org/@ensdomains/address-encoder/-/address-encoder-0.1.2.tgz",
      "integrity": "sha512-aW6UV6rTJR4NNVlz7PlRS7/YeD0ZSQy/xZsbWlx8/Zt7hDzBRiigCl5ud0tCYt88C7bCl+luoKhScMtq2LPFVw==",
      "requires": {
        "@types/cashaddrjs": "^0.3.0",
        "bech32": "^1.1.3",
        "bs58check": "^2.1.2",
        "cashaddrjs": "^0.3.8",
        "ripple-address-codec": "^4.0.0",
        "rskjs-util": "^1.0.3",
        "safe-buffer": "^5.2.0"
      }
    },
    "@types/cashaddrjs": {
      "version": "0.3.0",
      "resolved": "https://registry.npmjs.org/@types/cashaddrjs/-/cashaddrjs-0.3.0.tgz",
      "integrity": "sha512-nPY5HLJLQm6TYOoJb9KE80MjJvGiSS6ewgHELzZnLH+17q3HDww32A1d3kMB722sXG4ACUaTvkMnLD5lgQalxQ=="
    },
    "@unstoppabledomains/resolution": {
      "version": "1.0.26",
      "resolved": "https://registry.npmjs.org/@unstoppabledomains/resolution/-/resolution-1.0.26.tgz",
      "integrity": "sha512-zYeiHBebIoBicReKu6i1jmqM3/IDkivxRebtpltRGs7K4JPpWS7YNvuvpQY3CIsCw+Qe6STOMhwF6F+UdlVMjA==",
      "requires": {
        "@ensdomains/address-encoder": "0.1.2",
        "bip44-constants": "^8.0.5",
        "bn.js": "^5.1.1",
        "content-hash": "^2.5.2",
        "hash.js": "^1.1.7",
        "js-sha3": "^0.8.0",
        "node-fetch": "^2.6.0"
      }
    },
    "base-x": {
      "version": "3.0.7",
      "resolved": "https://registry.npmjs.org/base-x/-/base-x-3.0.7.tgz",
      "integrity": "sha512-zAKJGuQPihXW22fkrfOclUUZXM2g92z5GzlSMHxhO6r6Qj+Nm0ccaGNBzDZojzwOMkpjAv4J0fOv1U4go+a4iw==",
      "requires": {
        "safe-buffer": "^5.0.1"
      }
    },
    "bech32": {
      "version": "1.1.3",
      "resolved": "https://registry.npmjs.org/bech32/-/bech32-1.1.3.tgz",
      "integrity": "sha512-yuVFUvrNcoJi0sv5phmqc6P+Fl1HjRDRNOOkHY2X/3LBy2bIGNSFx4fZ95HMaXHupuS7cZR15AsvtmCIF4UEyg=="
    },
    "big-integer": {
      "version": "1.6.36",
      "resolved": "https://registry.npmjs.org/big-integer/-/big-integer-1.6.36.tgz",
      "integrity": "sha512-t70bfa7HYEA1D9idDbmuv7YbsbVkQ+Hp+8KFSul4aE5e/i1bjCNIRYJZlA8Q8p0r9T8cF/RVvwUgRA//FydEyg=="
    },
    "bindings": {
      "version": "1.5.0",
      "resolved": "https://registry.npmjs.org/bindings/-/bindings-1.5.0.tgz",
      "integrity": "sha512-p2q/t/mhvuOj/UeLlV6566GD/guowlr0hHxClI0W9m7MWYkL1F0hLo+0Aexs9HSPCtR1SXQ0TD3MMKrXZajbiQ==",
      "requires": {
        "file-uri-to-path": "1.0.0"
      }
    },
    "bip44-constants": {
      "version": "8.0.5",
      "resolved": "https://registry.npmjs.org/bip44-constants/-/bip44-constants-8.0.5.tgz",
      "integrity": "sha512-Oz9neu5N8RzR+7CboveI4rsf1ETYJDivjlLqOqkI2D7oRSJKa34+MJw7nx3gJ+JnD6Pm8cSONbPTtiqIhF/pWg=="
    },
    "bn.js": {
      "version": "5.1.1",
      "resolved": "https://registry.npmjs.org/bn.js/-/bn.js-5.1.1.tgz",
      "integrity": "sha512-IUTD/REb78Z2eodka1QZyyEk66pciRcP6Sroka0aI3tG/iwIdYLrBD62RsubR7vqdt3WyX8p4jxeatzmRSphtA=="
    },
    "bs58": {
      "version": "4.0.1",
      "resolved": "https://registry.npmjs.org/bs58/-/bs58-4.0.1.tgz",
      "integrity": "sha1-vhYedsNU9veIrkBx9j806MTwpCo=",
      "requires": {
        "base-x": "^3.0.2"
      }
    },
    "bs58check": {
      "version": "2.1.2",
      "resolved": "https://registry.npmjs.org/bs58check/-/bs58check-2.1.2.tgz",
      "integrity": "sha512-0TS1jicxdU09dwJMNZtVAfzPi6Q6QeN0pM1Fkzrjn+XYHvzMKPU3pHVpva+769iNVSfIYWf7LJ6WR+BuuMf8cA==",
      "requires": {
        "bs58": "^4.0.0",
        "create-hash": "^1.1.0",
        "safe-buffer": "^5.1.2"
      }
    },
    "cashaddrjs": {
      "version": "0.3.9",
      "resolved": "https://registry.npmjs.org/cashaddrjs/-/cashaddrjs-0.3.9.tgz",
      "integrity": "sha512-2FyYuNnIICPsEZvuC0NWNQgw+OFCpGdUyVl9Jmj3sunyH8cHfkaZq7EADKngEO/pI2OOwDvVMQN8k62xev7+aw==",
      "requires": {
        "big-integer": "1.6.36"
      }
    },
    "cids": {
      "version": "0.7.3",
      "resolved": "https://registry.npmjs.org/cids/-/cids-0.7.3.tgz",
      "integrity": "sha512-V0xa0oFIH1GGsGE4vaTsAgiTkrZw3wUVOTAVN/oZU8ptW6oaz4cOdFbqRv+tbienIZq5bG2ok0CRKfUurUtFnA==",
      "requires": {
        "class-is": "^1.1.0",
        "multibase": "~0.6.0",
        "multicodec": "^1.0.0",
        "multihashes": "~0.4.15"
      },
      "dependencies": {
        "multicodec": {
          "version": "1.0.0",
          "resolved": "https://registry.npmjs.org/multicodec/-/multicodec-1.0.0.tgz",
          "integrity": "sha512-CBiLdYcMnVnkN/2kL4AaUH3betYXQGKV5CCmN2CfgHUt5xROtsj91w780ltX6Wy7frgc6en8md3h2UQl6jDXAg==",
          "requires": {
            "varint": "^5.0.0"
          }
        }
      }
    },
    "cipher-base": {
      "version": "1.0.4",
      "resolved": "https://registry.npmjs.org/cipher-base/-/cipher-base-1.0.4.tgz",
      "integrity": "sha512-Kkht5ye6ZGmwv40uUDZztayT2ThLQGfnj/T71N/XzeZeo3nf8foyW7zGTsPYkEya3m5f3cAypH+qe7YOrM1U2Q==",
      "requires": {
        "inherits": "^2.0.1",
        "safe-buffer": "^5.0.1"
      }
    },
    "class-is": {
      "version": "1.1.0",
      "resolved": "https://registry.npmjs.org/class-is/-/class-is-1.1.0.tgz",
      "integrity": "sha512-rhjH9AG1fvabIDoGRVH587413LPjTZgmDF9fOFCbFJQV4yuocX1mHxxvXI4g3cGwbVY9wAYIoKlg1N79frJKQw=="
    },
    "content-hash": {
      "version": "2.5.2",
      "resolved": "https://registry.npmjs.org/content-hash/-/content-hash-2.5.2.tgz",
      "integrity": "sha512-FvIQKy0S1JaWV10sMsA7TRx8bpU+pqPkhbsfvOJAdjRXvYxEckAwQWGwtRjiaJfh+E0DvcWUGqcdjwMGFjsSdw==",
      "requires": {
        "cids": "^0.7.1",
        "multicodec": "^0.5.5",
        "multihashes": "^0.4.15"
      }
    },
    "create-hash": {
      "version": "1.2.0",
      "resolved": "https://registry.npmjs.org/create-hash/-/create-hash-1.2.0.tgz",
      "integrity": "sha512-z00bCGNHDG8mHAkP7CtT1qVu+bFQUPjYq/4Iv3C3kWjTFV10zIjfSoeqXo9Asws8gwSHDGj/hl2u4OGIjapeCg==",
      "requires": {
        "cipher-base": "^1.0.1",
        "inherits": "^2.0.1",
        "md5.js": "^1.3.4",
        "ripemd160": "^2.0.1",
        "sha.js": "^2.4.0"
      }
    },
    "eth-json-rpc-errors": {
      "version": "1.1.0",
      "resolved": "https://registry.npmjs.org/eth-json-rpc-errors/-/eth-json-rpc-errors-1.1.0.tgz",
      "integrity": "sha512-AAA76BmwwSR5Mws+ivZUYxoDwMygDuMWxSTEmqDXhRPTExSWe5wuJLT/rSfvPSy9+owSudy67JmyRQ02RAOOYQ==",
      "requires": {
        "fast-safe-stringify": "^2.0.6"
      }
    },
    "fast-safe-stringify": {
      "version": "2.0.7",
      "resolved": "https://registry.npmjs.org/fast-safe-stringify/-/fast-safe-stringify-2.0.7.tgz",
      "integrity": "sha512-Utm6CdzT+6xsDk2m8S6uL8VHxNwI6Jub+e9NYTcAms28T84pTa25GJQV9j0CY0N1rM8hK4x6grpF2BQf+2qwVA=="
    },
    "file-uri-to-path": {
      "version": "1.0.0",
      "resolved": "https://registry.npmjs.org/file-uri-to-path/-/file-uri-to-path-1.0.0.tgz",
      "integrity": "sha512-0Zt+s3L7Vf1biwWZ29aARiVYLx7iMGnEUl9x33fbB/j3jR81u/O2LbqK+Bm1CDSNDKVtJ/YjwY7TUd5SkeLQLw=="
    },
    "hash-base": {
      "version": "3.0.4",
      "resolved": "https://registry.npmjs.org/hash-base/-/hash-base-3.0.4.tgz",
      "integrity": "sha1-X8hoaEfs1zSZQDMZprCj8/auSRg=",
      "requires": {
        "inherits": "^2.0.1",
        "safe-buffer": "^5.0.1"
      }
    },
    "hash.js": {
      "version": "1.1.7",
      "resolved": "https://registry.npmjs.org/hash.js/-/hash.js-1.1.7.tgz",
      "integrity": "sha512-taOaskGt4z4SOANNseOviYDvjEJinIkRgmp7LbKP2YTTmVxWBl87s/uzK9r+44BclBSp2X7K1hqeNfz9JbBeXA==",
      "requires": {
        "inherits": "^2.0.3",
        "minimalistic-assert": "^1.0.1"
      }
    },
    "inherits": {
      "version": "2.0.4",
      "resolved": "https://registry.npmjs.org/inherits/-/inherits-2.0.4.tgz",
      "integrity": "sha512-k/vGaX4/Yla3WzyMCvTQOXYeIHvqOKtnqBduzTHpzpQZzAskKMhZ2K+EnBiSM9zGSoIFeMpXKxa4dYeZIQqewQ=="
    },
    "js-sha3": {
      "version": "0.8.0",
      "resolved": "https://registry.npmjs.org/js-sha3/-/js-sha3-0.8.0.tgz",
      "integrity": "sha512-gF1cRrHhIzNfToc802P800N8PpXS+evLLXfsVpowqmAFR9uwbi89WvXg2QspOmXL8QL86J4T1EpFu+yUkwJY3Q=="
    },
    "keccak": {
      "version": "1.4.0",
      "resolved": "https://registry.npmjs.org/keccak/-/keccak-1.4.0.tgz",
      "integrity": "sha512-eZVaCpblK5formjPjeTBik7TAg+pqnDrMHIffSvi9Lh7PQgM1+hSzakUeZFCk9DVVG0dacZJuaz2ntwlzZUIBw==",
      "requires": {
        "bindings": "^1.2.1",
        "inherits": "^2.0.3",
        "nan": "^2.2.1",
        "safe-buffer": "^5.1.0"
      }
    },
    "md5.js": {
      "version": "1.3.5",
      "resolved": "https://registry.npmjs.org/md5.js/-/md5.js-1.3.5.tgz",
      "integrity": "sha512-xitP+WxNPcTTOgnTJcrhM0xvdPepipPSf3I8EIpGKeFLjt3PlJLIDG3u8EX53ZIubkb+5U2+3rELYpEhHhzdkg==",
      "requires": {
        "hash-base": "^3.0.0",
        "inherits": "^2.0.1",
        "safe-buffer": "^5.1.2"
      }
    },
    "minimalistic-assert": {
      "version": "1.0.1",
      "resolved": "https://registry.npmjs.org/minimalistic-assert/-/minimalistic-assert-1.0.1.tgz",
      "integrity": "sha512-UtJcAD4yEaGtjPezWuO9wC4nwUnVH/8/Im3yEHQP4b67cXlD/Qr9hdITCU1xDbSEXg2XKNaP8jsReV7vQd00/A=="
    },
    "multibase": {
      "version": "0.6.0",
      "resolved": "https://registry.npmjs.org/multibase/-/multibase-0.6.0.tgz",
      "integrity": "sha512-R9bNLQhbD7MsitPm1NeY7w9sDgu6d7cuj25snAWH7k5PSNPSwIQQBpcpj8jx1W96dLbdigZqmUWOdQRMnAmgjA==",
      "requires": {
        "base-x": "3.0.4"
      },
      "dependencies": {
        "base-x": {
          "version": "3.0.4",
          "resolved": "https://registry.npmjs.org/base-x/-/base-x-3.0.4.tgz",
          "integrity": "sha512-UYOadoSIkEI/VrRGSG6qp93rp2WdokiAiNYDfGW5qURAY8GiAQkvMbwNNSDYiVJopqv4gCna7xqf4rrNGp+5AA==",
          "requires": {
            "safe-buffer": "^5.0.1"
          }
        }
      }
    },
    "multicodec": {
      "version": "0.5.7",
      "resolved": "https://registry.npmjs.org/multicodec/-/multicodec-0.5.7.tgz",
      "integrity": "sha512-PscoRxm3f+88fAtELwUnZxGDkduE2HD9Q6GHUOywQLjOGT/HAdhjLDYNZ1e7VR0s0TP0EwZ16LNUTFpoBGivOA==",
      "requires": {
        "varint": "^5.0.0"
      }
    },
    "multihashes": {
      "version": "0.4.15",
      "resolved": "https://registry.npmjs.org/multihashes/-/multihashes-0.4.15.tgz",
      "integrity": "sha512-G/Smj1GWqw1RQP3dRuRRPe3oyLqvPqUaEDIaoi7JF7Loxl4WAWvhJNk84oyDEodSucv0MmSW/ZT0RKUrsIFD3g==",
      "requires": {
        "bs58": "^4.0.1",
        "varint": "^5.0.0"
      }
    },
    "nan": {
      "version": "2.14.0",
      "resolved": "https://registry.npmjs.org/nan/-/nan-2.14.0.tgz",
      "integrity": "sha512-INOFj37C7k3AfaNTtX8RhsTw7qRy7eLET14cROi9+5HAVbbHuIWUHEauBv5qT4Av2tWasiTY1Jw6puUNqRJXQg=="
    },
    "node-fetch": {
      "version": "2.6.1",
      "resolved": "https://registry.npmjs.org/node-fetch/-/node-fetch-2.6.1.tgz",
      "integrity": "sha512-V4aYg89jEoVRxRb2fJdAg8FHvI7cEyYdVAh94HH0UIK8oJxUfkjlDQN9RbMx+bEjP7+ggMiFRprSti032Oipxw=="
    },
    "ripemd160": {
      "version": "2.0.2",
      "resolved": "https://registry.npmjs.org/ripemd160/-/ripemd160-2.0.2.tgz",
      "integrity": "sha512-ii4iagi25WusVoiC4B4lq7pbXfAp3D9v5CwfkY33vffw2+pkDjY1D8GaN7spsxvCSx8dkPqOZCEZyfxcmJG2IA==",
      "requires": {
        "hash-base": "^3.0.0",
        "inherits": "^2.0.1"
      }
    },
    "ripple-address-codec": {
      "version": "4.1.0",
      "resolved": "https://registry.npmjs.org/ripple-address-codec/-/ripple-address-codec-4.1.0.tgz",
      "integrity": "sha512-C72gJpwvDagaOUiHyh67otqNqFduB4hjvJFiiPz/8I3FCiUYuvFLXeLhb29CEkoAEdoN9p7pPreLgoHUvwzt9w==",
      "requires": {
        "base-x": "3.0.7",
        "create-hash": "^1.1.2"
      }
    },
    "rskjs-util": {
      "version": "1.0.3",
      "resolved": "https://registry.npmjs.org/rskjs-util/-/rskjs-util-1.0.3.tgz",
      "integrity": "sha512-Q6zfYFQndaBln1iY2gnBfYgDLymbZHAxKXOcZVLAKJkHilcieoUN3ZXVxLA3K30KlgAfmRVG72iTzi+yPNZB1w==",
      "requires": {
        "keccak": "^1.0.2"
      }
    },
    "safe-buffer": {
      "version": "5.2.0",
      "resolved": "https://registry.npmjs.org/safe-buffer/-/safe-buffer-5.2.0.tgz",
      "integrity": "sha512-fZEwUGbVl7kouZs1jCdMLdt95hdIv0ZeHg6L7qPeciMZhZ+/gdesW4wgTARkrFWEpspjEATAzUGPG8N2jJiwbg=="
    },
    "sha.js": {
      "version": "2.4.11",
      "resolved": "https://registry.npmjs.org/sha.js/-/sha.js-2.4.11.tgz",
      "integrity": "sha512-QMEp5B7cftE7APOjk5Y6xgrbWu+WkLVQwk8JNjZ8nKRciZaByEW6MubieAiToS7+dwvrjGhH8jRXz3MVd0AYqQ==",
      "requires": {
        "inherits": "^2.0.1",
        "safe-buffer": "^5.0.1"
      }
    },
    "varint": {
      "version": "5.0.0",
      "resolved": "https://registry.npmjs.org/varint/-/varint-5.0.0.tgz",
      "integrity": "sha1-2Ca4n3SQcy+rwMDtaT7Uddyynr8="
    }
  }
}
